
Microsoft Visual Studio Solution File, Format Version 12.00
# Visual Studio 14
VisualStudioVersion = 14.0.25420.1
MinimumVisualStudioVersion = 10.0.40219.1
Project("{FAE04EC0-301F-11D3-BF4B-00C04F79EFBC}") = "Loja.LojaVirtual.Dominio", "Loja.LojaVirtual.Dominio\Loja.LojaVirtual.Dominio.csproj", "{0F47AB16-4FA7-4BF8-B162-C0D5B384E4FB}"
EndProject
Project("{FAE04EC0-301F-11D3-BF4B-00C04F79EFBC}") = "Loja.LojaVirtual.Web", "Loja.LojaVirtual.Web\Loja.LojaVirtual.Web.csproj", "{5EC5D97C-120C-4B97-A0AF-7584FE36C145}"
EndProject
Project("{FAE04EC0-301F-11D3-BF4B-00C04F79EFBC}") = "Loja.LojaVirtual.UnitTest", "Loja.LojaVirtual.UnitTest\Loja.LojaVirtual.UnitTest.csproj", "{5E1F9195-E10E-427E-B1AC-680BA06CEC36}"
EndProject
Global
	GlobalSection(SolutionConfigurationPlatforms) = preSolution
		Debug|Any CPU = Debug|Any CPU
		Release|Any CPU = Release|Any CPU
	EndGlobalSection
	GlobalSection(ProjectConfigurationPlatforms) = postSolution
		{0F47AB16-4FA7-4BF8-B162-C0D5B384E4FB}.Debug|Any CPU.ActiveCfg = Debug|Any CPU
		{0F47AB16-4FA7-4BF8-B162-C0D5B384E4FB}.Debug|Any CPU.Build.0 = Debug|Any CPU
		{0F47AB16-4FA7-4BF8-B162-C0D5B384E4FB}.Release|Any CPU.ActiveCfg = Release|Any CPU
		{0F47AB16-4FA7-4BF8-B162-C0D5B384E4FB}.Release|Any CPU.Build.0 = Release|Any CPU
		{5EC5D97C-120C-4B97-A0AF-7584FE36C145}.Debug|Any CPU.ActiveCfg = Debug|Any CPU
		{5EC5D97C-120C-4B97-A0AF-7584FE36C145}.Debug|Any CPU.Build.0 = Debug|Any CPU
		{5EC5D97C-120C-4B97-A0AF-7584FE36C145}.Release|Any CPU.ActiveCfg = Release|Any CPU
		{5EC5D97C-120C-4B97-A0AF-7584FE36C145}.Release|Any CPU.Build.0 = Release|Any CPU
		{5E1F9195-E10E-427E-B1AC-680BA06CEC36}.Debug|Any CPU.ActiveCfg = Debug|Any CPU
		{5E1F9195-E10E-427E-B1AC-680BA06CEC36}.Debug|Any CPU.Build.0 = Debug|Any CPU
		{5E1F9195-E10E-427E-B1AC-680BA06CEC36}.Release|Any CPU.ActiveCfg = Release|Any CPU
		{5E1F9195-E10E-427E-B1AC-680BA06CEC36}.Release|Any CPU.Build.0 = Release|Any CPU
	EndGlobalSection
	GlobalSection(SolutionProperties) = preSolution
		HideSolutionNode = FALSE
	EndGlobalSection
EndGlobal
